# THIS IS AN AUTOGENERATED FILE. DO NOT EDIT THIS FILE DIRECTLY.
# yarn lockfile v1


"@babel/runtime@^7.25.0":
  version "7.28.4"

"@coral-xyz/anchor-errors@^0.31.1":
  version "0.31.1"

"@coral-xyz/anchor@^0.31.1":
  version "0.31.1"
  dependencies:
    "@coral-xyz/anchor-errors" "^0.31.1"
    "@coral-xyz/borsh" "^0.31.1"
    "@noble/hashes" "^1.3.1"
    "@solana/web3.js" "^1.69.0"
    bn.js "^5.1.2"
    bs58 "^4.0.1"
    buffer-layout "^1.2.2"
    camelcase "^6.3.0"
    cross-fetch "^3.1.5"
    eventemitter3 "^4.0.7"
    pako "^2.0.3"
    superstruct "^0.15.4"
    toml "^3.0.0"

"@coral-xyz/borsh@^0.26.0":
  version "0.26.0"
  dependencies:
    bn.js "^5.1.2"
    buffer-layout "^1.2.0"

"@coral-xyz/borsh@^0.31.1":
  version "0.31.1"
  dependencies:
    bn.js "^5.1.2"
    buffer-layout "^1.2.0"

"@esbuild/linux-x64@0.25.11":
  version "0.25.11"

"@ethersproject/address@^5.7.0":
  version "5.8.0"
  dependencies:
    "@ethersproject/bignumber" "^5.8.0"
    "@ethersproject/bytes" "^5.8.0"
    "@ethersproject/keccak256" "^5.8.0"
    "@ethersproject/logger" "^5.8.0"
    "@ethersproject/rlp" "^5.8.0"

"@ethersproject/bignumber@^5.8.0":
  version "5.8.0"
  dependencies:
    "@ethersproject/bytes" "^5.8.0"
    "@ethersproject/logger" "^5.8.0"
    bn.js "^5.2.1"

"@ethersproject/bytes@^5.7.0", "@ethersproject/bytes@^5.8.0":
  version "5.8.0"
  dependencies:
    "@ethersproject/logger" "^5.8.0"

"@ethersproject/keccak256@^5.8.0":
  version "5.8.0"
  dependencies:
    "@ethersproject/bytes" "^5.8.0"
    js-sha3 "0.8.0"

"@ethersproject/logger@^5.8.0":
  version "5.8.0"

"@ethersproject/rlp@^5.8.0":
  version "5.8.0"
  dependencies:
    "@ethersproject/bytes" "^5.8.0"
    "@ethersproject/logger" "^5.8.0"

"@fastify/ajv-compiler@^4.0.0":
  version "4.0.5"
  dependencies:
    ajv "^8.12.0"
    ajv-formats "^3.0.1"
    fast-uri "^3.0.0"

"@fastify/cors@^11.1.0":
  version "11.1.0"
  dependencies:
    fastify-plugin "^5.0.0"
    toad-cache "^3.7.0"

"@fastify/error@^4.0.0":
  version "4.2.0"

"@fastify/fast-json-stringify-compiler@^5.0.0":
  version "5.0.3"
  dependencies:
    fast-json-stringify "^6.0.0"

"@fastify/forwarded@^3.0.0":
  version "3.0.1"

"@fastify/merge-json-schemas@^0.2.0":
  version "0.2.1"
  dependencies:
    dequal "^2.0.3"

"@fastify/proxy-addr@^5.0.0":
  version "5.1.0"
  dependencies:
    "@fastify/forwarded" "^3.0.0"
    ipaddr.js "^2.1.0"

"@identity.com/sol-did-client-legacy@^2.0.4":
  version "2.0.4"
  dependencies:
    "@solana/web3.js" "^1.21.0"
    bn.js "^4.12.0"
    borsh "^0.3.1"
    bs58 "^4.0.1"
    did-resolver "^3.0.1"
    ramda "^0.27.1"

"@identity.com/sol-did-client@^3.3.0":
  version "3.3.0"
  dependencies:
    "@ethersproject/address" "^5.7.0"
    "@ethersproject/bytes" "^5.7.0"
    "@identity.com/sol-did-client-legacy" "^2.0.4"
    "@identity.com/sol-did-idl" "^3.1.0"
    "@project-serum/anchor" "0.26.0"
    "@solana/web3.js" "^1.59.1"
    bs58 "^5.0.0"
    did-resolver "^3.2.2"

"@identity.com/sol-did-idl@^3.1.0":
  version "3.1.0"

"@isaacs/balanced-match@^4.0.1":
  version "4.0.1"

"@isaacs/brace-expansion@^5.0.0":
  version "5.0.0"
  dependencies:
    "@isaacs/balanced-match" "^4.0.1"

"@isaacs/cliui@^8.0.2":
  version "8.0.2"
  dependencies:
    string-width "^5.1.2"
    string-width-cjs "npm:string-width@^4.2.0"
    strip-ansi "^7.0.1"
    strip-ansi-cjs "npm:strip-ansi@^6.0.1"
    wrap-ansi "^8.1.0"
    wrap-ansi-cjs "npm:wrap-ansi@^7.0.0"

"@multiformats/base-x@^4.0.1":
  version "4.0.1"

"@noble/ciphers@^1.0.0":
  version "1.3.0"

"@noble/curves@^1.0.0", "@noble/curves@^1.4.2":
  version "1.9.7"
  dependencies:
    "@noble/hashes" "1.8.0"

"@noble/hashes@^1.3.0", "@noble/hashes@^1.3.1", "@noble/hashes@^1.4.0", "@noble/hashes@1.8.0":
  version "1.8.0"

"@pinojs/redact@^0.4.0":
  version "0.4.0"

"@pkgjs/parseargs@^0.11.0":
  version "0.11.0"

"@project-serum/anchor@0.26.0":
  version "0.26.0"
  dependencies:
    "@coral-xyz/borsh" "^0.26.0"
    "@solana/web3.js" "^1.68.0"
    base64-js "^1.5.1"
    bn.js "^5.1.2"
    bs58 "^4.0.1"
    buffer-layout "^1.2.2"
    camelcase "^6.3.0"
    cross-fetch "^3.1.5"
    crypto-hash "^1.3.0"
    eventemitter3 "^4.0.7"
    js-sha256 "^0.9.0"
    pako "^2.0.3"
    snake-case "^3.0.4"
    superstruct "^0.15.4"
    toml "^3.0.0"

"@scure/base@^2.0.0":
  version "2.0.0"

"@solana/buffer-layout@^4.0.1":
  version "4.0.1"
  dependencies:
    buffer "~6.0.3"

"@solana/codecs-core@2.3.0":
  version "2.3.0"
  dependencies:
    "@solana/errors" "2.3.0"

"@solana/codecs-numbers@^2.1.0":
  version "2.3.0"
  dependencies:
    "@solana/codecs-core" "2.3.0"
    "@solana/errors" "2.3.0"

"@solana/errors@2.3.0":
  version "2.3.0"
  dependencies:
    chalk "^5.4.1"
    commander "^14.0.0"

"@solana/web3.js@^1.21.0", "@solana/web3.js@^1.59.1", "@solana/web3.js@^1.68.0", "@solana/web3.js@^1.69.0", "@solana/web3.js@^1.98.4":
  version "1.98.4"
  dependencies:
    "@babel/runtime" "^7.25.0"
    "@noble/curves" "^1.4.2"
    "@noble/hashes" "^1.4.0"
    "@solana/buffer-layout" "^4.0.1"
    "@solana/codecs-numbers" "^2.1.0"
    agentkeepalive "^4.5.0"
    bn.js "^5.2.1"
    borsh "^0.7.0"
    bs58 "^4.0.1"
    buffer "6.0.3"
    fast-stable-stringify "^1.0.0"
    jayson "^4.1.1"
    node-fetch "^2.7.0"
    rpc-websockets "^9.0.2"
    superstruct "^2.0.2"

"@swc/helpers@^0.5.11":
  version "0.5.17"
  dependencies:
    tslib "^2.8.0"

"@types/bn.js@^4.11.5":
  version "4.11.6"
  dependencies:
    "@types/node" "*"

"@types/connect@^3.4.33":
  version "3.4.38"
  dependencies:
    "@types/node" "*"

"@types/node@*", "@types/node@^24.5.2":
  version "24.9.1"
  dependencies:
    undici-types "~7.16.0"

"@types/node@^12.12.54":
  version "12.20.55"

"@types/uuid@^8.3.4":
  version "8.3.4"

"@types/ws@^7.4.4":
  version "7.4.7"
  dependencies:
    "@types/node" "*"

"@types/ws@^8.2.2":
  version "8.18.1"
  dependencies:
    "@types/node" "*"

abstract-logging@^2.0.1:
  version "2.0.1"

agentkeepalive@^4.5.0:
  version "4.6.0"
  dependencies:
    humanize-ms "^1.2.1"

ajv-formats@^3.0.1:
  version "3.0.1"
  dependencies:
    ajv "^8.0.0"

ajv@^8.0.0, ajv@^8.12.0:
  version "8.17.1"
  dependencies:
    fast-deep-equal "^3.1.3"
    fast-uri "^3.0.1"
    json-schema-traverse "^1.0.0"
    require-from-string "^2.0.2"

ansi-regex@^5.0.1:
  version "5.0.1"

ansi-regex@^6.0.1:
  version "6.2.2"

ansi-styles@^4.0.0, ansi-styles@^4.1.0:
  version "4.3.0"
  dependencies:
    color-convert "^2.0.1"

ansi-styles@^6.1.0:
  version "6.2.3"

argparse@^2.0.1:
  version "2.0.1"

assertion-error@^1.1.0:
  version "1.1.0"

atomic-sleep@^1.0.0:
  version "1.0.0"

avvio@^9.0.0:
  version "9.1.0"
  dependencies:
    "@fastify/error" "^4.0.0"
    fastq "^1.17.1"

balanced-match@^1.0.0:
  version "1.0.2"

base-x@^3.0.2:
  version "3.0.11"
  dependencies:
    safe-buffer "^5.0.1"

base-x@^4.0.0:
  version "4.0.1"

base-x@^5.0.0:
  version "5.0.1"

base64-js@^1.3.1, base64-js@^1.5.1:
  version "1.5.1"

bn.js@^4.12.0:
  version "4.12.2"

bn.js@^5.0.0:
  version "5.2.2"

bn.js@^5.1.2, bn.js@^5.2.0, bn.js@^5.2.1:
  version "5.2.2"

borsh@^0.3.1:
  version "0.3.1"
  dependencies:
    "@types/bn.js" "^4.11.5"
    bn.js "^5.0.0"
    bs58 "^4.0.0"
    text-encoding-utf-8 "^1.0.2"

borsh@^0.7.0:
  version "0.7.0"
  dependencies:
    bn.js "^5.2.0"
    bs58 "^4.0.0"
    text-encoding-utf-8 "^1.0.2"

brace-expansion@^2.0.1:
  version "2.0.2"
  dependencies:
    balanced-match "^1.0.0"

browser-stdout@^1.3.1:
  version "1.3.1"

bs58@^4.0.0, bs58@^4.0.1:
  version "4.0.1"
  dependencies:
    base-x "^3.0.2"

bs58@^5.0.0:
  version "5.0.0"
  dependencies:
    base-x "^4.0.0"

bs58@^6.0.0:
  version "6.0.0"
  dependencies:
    base-x "^5.0.0"

buffer-layout@^1.2.0, buffer-layout@^1.2.2:
  version "1.2.2"

buffer@^6.0.3, buffer@~6.0.3, buffer@6.0.3:
  version "6.0.3"
  dependencies:
    base64-js "^1.3.1"
    ieee754 "^1.2.1"

bufferutil@^4.0.1:
  version "4.0.9"
  dependencies:
    node-gyp-build "^4.3.0"

camelcase@^6.0.0, camelcase@^6.3.0:
  version "6.3.0"

canonicalize@^2.0.0:
  version "2.1.0"

chai@^4.3.4:
  version "4.5.0"
  dependencies:
    assertion-error "^1.1.0"
    check-error "^1.0.3"
    deep-eql "^4.1.3"
    get-func-name "^2.0.2"
    loupe "^2.3.6"
    pathval "^1.1.1"
    type-detect "^4.1.0"

chalk@^4.1.0:
  version "4.1.2"
  dependencies:
    ansi-styles "^4.1.0"
    supports-color "^7.1.0"

chalk@^5.4.1:
  version "5.6.2"

check-error@^1.0.3:
  version "1.0.3"
  dependencies:
    get-func-name "^2.0.2"

chokidar@^4.0.1:
  version "4.0.3"
  dependencies:
    readdirp "^4.0.1"

cliui@^8.0.1:
  version "8.0.1"
  dependencies:
    string-width "^4.2.0"
    strip-ansi "^6.0.1"
    wrap-ansi "^7.0.0"

color-convert@^2.0.1:
  version "2.0.1"
  dependencies:
    color-name "~1.1.4"

color-name@~1.1.4:
  version "1.1.4"

commander@^14.0.0:
  version "14.0.2"

commander@^2.20.3:
  version "2.20.3"

"contract@file:/home/estrel/chainee/blockchain/server/contract":
  resolved "file:server/contract"
  dependencies:
    "@coral-xyz/anchor" "^0.31.1"
    "@fastify/cors" "^11.1.0"
    "@solana/web3.js" "^1.98.4"
    bs58 "^6.0.0"
    dotenv "^17.2.2"

cookie@^1.0.1:
  version "1.0.2"

cross-fetch@^3.1.5:
  version "3.2.0"
  dependencies:
    node-fetch "^2.7.0"

cross-spawn@^7.0.6:
  version "7.0.6"
  dependencies:
    path-key "^3.1.0"
    shebang-command "^2.0.0"
    which "^2.0.1"

crypto-hash@^1.3.0:
  version "1.3.0"

debug@^4.3.5:
  version "4.4.3"
  dependencies:
    ms "^2.1.3"

decamelize@^4.0.0:
  version "4.0.0"

deep-eql@^4.1.3:
  version "4.1.4"
  dependencies:
    type-detect "^4.0.0"

delay@^5.0.0:
  version "5.0.0"

dequal@^2.0.3:
  version "2.0.3"

did-jwt-vc@^4.0.16:
  version "4.0.16"
  dependencies:
    did-jwt "^8.0.0"
    did-resolver "^4.1.0"

did-jwt@^8.0.0:
  version "8.0.18"
  dependencies:
    "@noble/ciphers" "^1.0.0"
    "@noble/curves" "^1.0.0"
    "@noble/hashes" "^1.3.0"
    "@scure/base" "^2.0.0"
    canonicalize "^2.0.0"
    did-resolver "^4.1.0"
    multibase "^4.0.6"
    multiformats "^9.6.2"
    uint8arrays "3.1.1"

did-resolver@^3.0.1, did-resolver@^3.2.2:
  version "3.2.2"

did-resolver@^4.1.0:
  version "4.1.0"

diff@^7.0.0:
  version "7.0.0"

dot-case@^3.0.4:
  version "3.0.4"
  dependencies:
    no-case "^3.0.4"
    tslib "^2.0.3"

dotenv@^17.2.2:
  version "17.2.3"

eastasianwidth@^0.2.0:
  version "0.2.0"

emoji-regex@^8.0.0:
  version "8.0.0"

emoji-regex@^9.2.2:
  version "9.2.2"

es6-promise@^4.0.3:
  version "4.2.8"

es6-promisify@^5.0.0:
  version "5.0.0"
  dependencies:
    es6-promise "^4.0.3"

esbuild@~0.25.0:
  version "0.25.11"
  optionalDependencies:
    "@esbuild/aix-ppc64" "0.25.11"
    "@esbuild/android-arm" "0.25.11"
    "@esbuild/android-arm64" "0.25.11"
    "@esbuild/android-x64" "0.25.11"
    "@esbuild/darwin-arm64" "0.25.11"
    "@esbuild/darwin-x64" "0.25.11"
    "@esbuild/freebsd-arm64" "0.25.11"
    "@esbuild/freebsd-x64" "0.25.11"
    "@esbuild/linux-arm" "0.25.11"
    "@esbuild/linux-arm64" "0.25.11"
    "@esbuild/linux-ia32" "0.25.11"
    "@esbuild/linux-loong64" "0.25.11"
    "@esbuild/linux-mips64el" "0.25.11"
    "@esbuild/linux-ppc64" "0.25.11"
    "@esbuild/linux-riscv64" "0.25.11"
    "@esbuild/linux-s390x" "0.25.11"
    "@esbuild/linux-x64" "0.25.11"
    "@esbuild/netbsd-arm64" "0.25.11"
    "@esbuild/netbsd-x64" "0.25.11"
    "@esbuild/openbsd-arm64" "0.25.11"
    "@esbuild/openbsd-x64" "0.25.11"
    "@esbuild/openharmony-arm64" "0.25.11"
    "@esbuild/sunos-x64" "0.25.11"
    "@esbuild/win32-arm64" "0.25.11"
    "@esbuild/win32-ia32" "0.25.11"
    "@esbuild/win32-x64" "0.25.11"

escalade@^3.1.1:
  version "3.2.0"

escape-string-regexp@^4.0.0:
  version "4.0.0"

eventemitter3@^4.0.7:
  version "4.0.7"

eventemitter3@^5.0.1:
  version "5.0.1"

eyes@^0.1.8:
  version "0.1.8"

fast-decode-uri-component@^1.0.1:
  version "1.0.1"

fast-deep-equal@^3.1.3:
  version "3.1.3"

fast-json-stringify@^6.0.0:
  version "6.1.1"
  dependencies:
    "@fastify/merge-json-schemas" "^0.2.0"
    ajv "^8.12.0"
    ajv-formats "^3.0.1"
    fast-uri "^3.0.0"
    json-schema-ref-resolver "^3.0.0"
    rfdc "^1.2.0"

fast-querystring@^1.0.0:
  version "1.1.2"
  dependencies:
    fast-decode-uri-component "^1.0.1"

fast-stable-stringify@^1.0.0:
  version "1.0.0"

fast-uri@^3.0.0, fast-uri@^3.0.1:
  version "3.1.0"

fastify-plugin@^5.0.0:
  version "5.1.0"

fastify@^5.6.1:
  version "5.6.1"
  dependencies:
    "@fastify/ajv-compiler" "^4.0.0"
    "@fastify/error" "^4.0.0"
    "@fastify/fast-json-stringify-compiler" "^5.0.0"
    "@fastify/proxy-addr" "^5.0.0"
    abstract-logging "^2.0.1"
    avvio "^9.0.0"
    fast-json-stringify "^6.0.0"
    find-my-way "^9.0.0"
    light-my-request "^6.0.0"
    pino "^9.0.0"
    process-warning "^5.0.0"
    rfdc "^1.3.1"
    secure-json-parse "^4.0.0"
    semver "^7.6.0"
    toad-cache "^3.7.0"

fastq@^1.17.1:
  version "1.19.1"
  dependencies:
    reusify "^1.0.4"

find-my-way@^9.0.0:
  version "9.3.0"
  dependencies:
    fast-deep-equal "^3.1.3"
    fast-querystring "^1.0.0"
    safe-regex2 "^5.0.0"

find-up@^5.0.0:
  version "5.0.0"
  dependencies:
    locate-path "^6.0.0"
    path-exists "^4.0.0"

flat@^5.0.2:
  version "5.0.2"

foreground-child@^3.1.0, foreground-child@^3.3.1:
  version "3.3.1"
  dependencies:
    cross-spawn "^7.0.6"
    signal-exit "^4.0.1"

get-caller-file@^2.0.5:
  version "2.0.5"

get-func-name@^2.0.1, get-func-name@^2.0.2:
  version "2.0.2"

get-tsconfig@^4.7.5:
  version "4.13.0"
  dependencies:
    resolve-pkg-maps "^1.0.0"

glob@^10.4.5:
  version "10.4.5"
  dependencies:
    foreground-child "^3.1.0"
    jackspeak "^3.1.2"
    minimatch "^9.0.4"
    minipass "^7.1.2"
    package-json-from-dist "^1.0.0"
    path-scurry "^1.11.1"

glob@^11.0.3:
  version "11.0.3"
  dependencies:
    foreground-child "^3.3.1"
    jackspeak "^4.1.1"
    minimatch "^10.0.3"
    minipass "^7.1.2"
    package-json-from-dist "^1.0.0"
    path-scurry "^2.0.0"

has-flag@^4.0.0:
  version "4.0.0"

he@^1.2.0:
  version "1.2.0"

humanize-ms@^1.2.1:
  version "1.2.1"
  dependencies:
    ms "^2.0.0"

ieee754@^1.2.1:
  version "1.2.1"

ipaddr.js@^2.1.0:
  version "2.2.0"

is-fullwidth-code-point@^3.0.0:
  version "3.0.0"

is-path-inside@^3.0.3:
  version "3.0.3"

is-plain-obj@^2.1.0:
  version "2.1.0"

is-unicode-supported@^0.1.0:
  version "0.1.0"

isexe@^2.0.0:
  version "2.0.0"

isomorphic-ws@^4.0.1:
  version "4.0.1"

"issuer@file:/home/estrel/chainee/blockchain/server/issuer":
  resolved "file:server/issuer"
  dependencies:
    "@coral-xyz/anchor" "^0.31.1"
    "@fastify/cors" "^11.1.0"
    "@identity.com/sol-did-client" "^3.3.0"
    "@solana/web3.js" "^1.98.4"
    did-jwt-vc "^4.0.16"
    dotenv "^17.2.2"
    fastify "^5.6.1"

jackspeak@^3.1.2:
  version "3.4.3"
  dependencies:
    "@isaacs/cliui" "^8.0.2"
  optionalDependencies:
    "@pkgjs/parseargs" "^0.11.0"

jackspeak@^4.1.1:
  version "4.1.1"
  dependencies:
    "@isaacs/cliui" "^8.0.2"

jayson@^4.1.1:
  version "4.2.0"
  dependencies:
    "@types/connect" "^3.4.33"
    "@types/node" "^12.12.54"
    "@types/ws" "^7.4.4"
    commander "^2.20.3"
    delay "^5.0.0"
    es6-promisify "^5.0.0"
    eyes "^0.1.8"
    isomorphic-ws "^4.0.1"
    json-stringify-safe "^5.0.1"
    stream-json "^1.9.1"
    uuid "^8.3.2"
    ws "^7.5.10"

jose@^6.1.0:
  version "6.1.0"

js-sha256@^0.9.0:
  version "0.9.0"

js-sha3@0.8.0:
  version "0.8.0"

js-yaml@^4.1.0:
  version "4.1.0"
  dependencies:
    argparse "^2.0.1"

json-schema-ref-resolver@^3.0.0:
  version "3.0.0"
  dependencies:
    dequal "^2.0.3"

json-schema-traverse@^1.0.0:
  version "1.0.0"

json-stringify-safe@^5.0.1:
  version "5.0.1"

light-my-request@^6.0.0:
  version "6.6.0"
  dependencies:
    cookie "^1.0.1"
    process-warning "^4.0.0"
    set-cookie-parser "^2.6.0"

locate-path@^6.0.0:
  version "6.0.0"
  dependencies:
    p-locate "^5.0.0"

log-symbols@^4.1.0:
  version "4.1.0"
  dependencies:
    chalk "^4.1.0"
    is-unicode-supported "^0.1.0"

loupe@^2.3.6:
  version "2.3.7"
  dependencies:
    get-func-name "^2.0.1"

lower-case@^2.0.2:
  version "2.0.2"
  dependencies:
    tslib "^2.0.3"

lru-cache@^10.2.0:
  version "10.4.3"

lru-cache@^11.0.0:
  version "11.2.2"

minimatch@^10.0.3:
  version "10.0.3"
  dependencies:
    "@isaacs/brace-expansion" "^5.0.0"

minimatch@^9.0.4, minimatch@^9.0.5:
  version "9.0.5"
  dependencies:
    brace-expansion "^2.0.1"

"minipass@^5.0.0 || ^6.0.2 || ^7.0.0", minipass@^7.1.2:
  version "7.1.2"

mocha@^11.7.2:
  version "11.7.4"
  dependencies:
    browser-stdout "^1.3.1"
    chokidar "^4.0.1"
    debug "^4.3.5"
    diff "^7.0.0"
    escape-string-regexp "^4.0.0"
    find-up "^5.0.0"
    glob "^10.4.5"
    he "^1.2.0"
    is-path-inside "^3.0.3"
    js-yaml "^4.1.0"
    log-symbols "^4.1.0"
    minimatch "^9.0.5"
    ms "^2.1.3"
    picocolors "^1.1.1"
    serialize-javascript "^6.0.2"
    strip-json-comments "^3.1.1"
    supports-color "^8.1.1"
    workerpool "^9.2.0"
    yargs "^17.7.2"
    yargs-parser "^21.1.1"
    yargs-unparser "^2.0.0"

ms@^2.0.0, ms@^2.1.3:
  version "2.1.3"

multibase@^4.0.6:
  version "4.0.6"
  dependencies:
    "@multiformats/base-x" "^4.0.1"

multiformats@^9.4.2, multiformats@^9.6.2:
  version "9.9.0"

no-case@^3.0.4:
  version "3.0.4"
  dependencies:
    lower-case "^2.0.2"
    tslib "^2.0.3"

node-fetch@^2.7.0:
  version "2.7.0"
  dependencies:
    whatwg-url "^5.0.0"

node-gyp-build@^4.3.0:
  version "4.8.4"

on-exit-leak-free@^2.1.0:
  version "2.1.2"

p-limit@^3.0.2:
  version "3.1.0"
  dependencies:
    yocto-queue "^0.1.0"

p-locate@^5.0.0:
  version "5.0.0"
  dependencies:
    p-limit "^3.0.2"

package-json-from-dist@^1.0.0:
  version "1.0.1"

pako@^2.0.3:
  version "2.1.0"

path-exists@^4.0.0:
  version "4.0.0"

path-key@^3.1.0:
  version "3.1.1"

path-scurry@^1.11.1:
  version "1.11.1"
  dependencies:
    lru-cache "^10.2.0"
    minipass "^5.0.0 || ^6.0.2 || ^7.0.0"

path-scurry@^2.0.0:
  version "2.0.0"
  dependencies:
    lru-cache "^11.0.0"
    minipass "^7.1.2"

pathval@^1.1.1:
  version "1.1.1"

picocolors@^1.1.1:
  version "1.1.1"

pino-abstract-transport@^2.0.0:
  version "2.0.0"
  dependencies:
    split2 "^4.0.0"

pino-std-serializers@^7.0.0:
  version "7.0.0"

pino@^9.0.0:
  version "9.14.0"
  dependencies:
    "@pinojs/redact" "^0.4.0"
    atomic-sleep "^1.0.0"
    on-exit-leak-free "^2.1.0"
    pino-abstract-transport "^2.0.0"
    pino-std-serializers "^7.0.0"
    process-warning "^5.0.0"
    quick-format-unescaped "^4.0.3"
    real-require "^0.2.0"
    safe-stable-stringify "^2.3.1"
    sonic-boom "^4.0.1"
    thread-stream "^3.0.0"

prettier@^2.6.2:
  version "2.8.8"

process-warning@^4.0.0:
  version "4.0.1"

process-warning@^5.0.0:
  version "5.0.0"

quick-format-unescaped@^4.0.3:
  version "4.0.4"

ramda@^0.27.1:
  version "0.27.2"

randombytes@^2.1.0:
  version "2.1.0"
  dependencies:
    safe-buffer "^5.1.0"

readdirp@^4.0.1:
  version "4.1.2"

real-require@^0.2.0:
  version "0.2.0"

require-directory@^2.1.1:
  version "2.1.1"

require-from-string@^2.0.2:
  version "2.0.2"

resolve-pkg-maps@^1.0.0:
  version "1.0.0"

ret@~0.5.0:
  version "0.5.0"

reusify@^1.0.4:
  version "1.1.0"

rfdc@^1.2.0, rfdc@^1.3.1:
  version "1.4.1"

rpc-websockets@^9.0.2:
  version "9.2.0"
  dependencies:
    "@swc/helpers" "^0.5.11"
    "@types/uuid" "^8.3.4"
    "@types/ws" "^8.2.2"
    buffer "^6.0.3"
    eventemitter3 "^5.0.1"
    uuid "^8.3.2"
    ws "^8.5.0"
  optionalDependencies:
    bufferutil "^4.0.1"
    utf-8-validate "^5.0.2"

safe-buffer@^5.0.1, safe-buffer@^5.1.0:
  version "5.2.1"

safe-regex2@^5.0.0:
  version "5.0.0"
  dependencies:
    ret "~0.5.0"

safe-stable-stringify@^2.3.1:
  version "2.5.0"

secure-json-parse@^4.0.0:
  version "4.1.0"

semver@^7.6.0:
  version "7.7.3"

serialize-javascript@^6.0.2:
  version "6.0.2"
  dependencies:
    randombytes "^2.1.0"

set-cookie-parser@^2.6.0:
  version "2.7.2"

"shared@file:/home/estrel/chainee/blockchain/shared":
  resolved "file:shared"
  dependencies:
    "@identity.com/sol-did-client" "^3.3.0"
    "@solana/web3.js" "^1.98.4"

shebang-command@^2.0.0:
  version "2.0.0"
  dependencies:
    shebang-regex "^3.0.0"

shebang-regex@^3.0.0:
  version "3.0.0"

signal-exit@^4.0.1:
  version "4.1.0"

snake-case@^3.0.4:
  version "3.0.4"
  dependencies:
    dot-case "^3.0.4"
    tslib "^2.0.3"

sonic-boom@^4.0.1:
  version "4.2.0"
  dependencies:
    atomic-sleep "^1.0.0"

split2@^4.0.0:
  version "4.2.0"

stream-chain@^2.2.5:
  version "2.2.5"

stream-json@^1.9.1:
  version "1.9.1"
  dependencies:
    stream-chain "^2.2.5"

"string-width-cjs@npm:string-width@^4.2.0":
  version "4.2.3"
  dependencies:
    emoji-regex "^8.0.0"
    is-fullwidth-code-point "^3.0.0"
    strip-ansi "^6.0.1"

string-width@^4.1.0, string-width@^4.2.0, string-width@^4.2.3:
  version "4.2.3"
  dependencies:
    emoji-regex "^8.0.0"
    is-fullwidth-code-point "^3.0.0"
    strip-ansi "^6.0.1"

string-width@^5.0.1, string-width@^5.1.2:
  version "5.1.2"
  dependencies:
    eastasianwidth "^0.2.0"
    emoji-regex "^9.2.2"
    strip-ansi "^7.0.1"

"strip-ansi-cjs@npm:strip-ansi@^6.0.1":
  version "6.0.1"
  dependencies:
    ansi-regex "^5.0.1"

strip-ansi@^6.0.0, strip-ansi@^6.0.1:
  version "6.0.1"
  dependencies:
    ansi-regex "^5.0.1"

strip-ansi@^7.0.1:
  version "7.1.2"
  dependencies:
    ansi-regex "^6.0.1"

strip-json-comments@^3.1.1:
  version "3.1.1"

superstruct@^0.15.4:
  version "0.15.5"

superstruct@^2.0.2:
  version "2.0.2"

supports-color@^7.1.0:
  version "7.2.0"
  dependencies:
    has-flag "^4.0.0"

supports-color@^8.1.1:
  version "8.1.1"
  dependencies:
    has-flag "^4.0.0"

text-encoding-utf-8@^1.0.2:
  version "1.0.2"

thread-stream@^3.0.0:
  version "3.1.0"
  dependencies:
    real-require "^0.2.0"

toad-cache@^3.7.0:
  version "3.7.0"

toml@^3.0.0:
  version "3.0.0"

tr46@~0.0.3:
  version "0.0.3"

tslib@^2.0.3, tslib@^2.8.0:
  version "2.8.1"

tsx@^4.20.6:
  version "4.20.6"
  dependencies:
    esbuild "~0.25.0"
    get-tsconfig "^4.7.5"
  optionalDependencies:
    fsevents "~2.3.3"

type-detect@^4.0.0, type-detect@^4.1.0:
  version "4.1.0"

typescript@^5.9.2, typescript@>=5.3.3:
  version "5.9.3"

uint8arrays@3.1.1:
  version "3.1.1"
  dependencies:
    multiformats "^9.4.2"

undici-types@~7.16.0:
  version "7.16.0"

utf-8-validate@^5.0.2, utf-8-validate@>=5.0.2:
  version "5.0.10"
  dependencies:
    node-gyp-build "^4.3.0"

uuid@^8.3.2:
  version "8.3.2"

"verifier@file:/home/estrel/chainee/blockchain/server/verifier":
  resolved "file:server/verifier"
  dependencies:
    "@coral-xyz/anchor" "^0.31.1"
    "@fastify/cors" "^11.1.0"
    "@identity.com/sol-did-client" "^3.3.0"
    "@solana/web3.js" "^1.98.4"
    did-jwt-vc "^4.0.16"
    dotenv "^17.2.2"
    jose "^6.1.0"

webidl-conversions@^3.0.0:
  version "3.0.1"

whatwg-url@^5.0.0:
  version "5.0.0"
  dependencies:
    tr46 "~0.0.3"
    webidl-conversions "^3.0.0"

which@^2.0.1:
  version "2.0.2"
  dependencies:
    isexe "^2.0.0"

workerpool@^9.2.0:
  version "9.3.4"

"wrap-ansi-cjs@npm:wrap-ansi@^7.0.0":
  version "7.0.0"
  dependencies:
    ansi-styles "^4.0.0"
    string-width "^4.1.0"
    strip-ansi "^6.0.0"

wrap-ansi@^7.0.0:
  version "7.0.0"
  dependencies:
    ansi-styles "^4.0.0"
    string-width "^4.1.0"
    strip-ansi "^6.0.0"

wrap-ansi@^8.1.0:
  version "8.1.0"
  dependencies:
    ansi-styles "^6.1.0"
    string-width "^5.0.1"
    strip-ansi "^7.0.1"

ws@*, ws@^7.5.10:
  version "7.5.10"

ws@^8.5.0:
  version "8.18.3"

y18n@^5.0.5:
  version "5.0.8"

yargs-parser@^21.1.1:
  version "21.1.1"

yargs-unparser@^2.0.0:
  version "2.0.0"
  dependencies:
    camelcase "^6.0.0"
    decamelize "^4.0.0"
    flat "^5.0.2"
    is-plain-obj "^2.1.0"

yargs@^17.7.2:
  version "17.7.2"
  dependencies:
    cliui "^8.0.1"
    escalade "^3.1.1"
    get-caller-file "^2.0.5"
    require-directory "^2.1.1"
    string-width "^4.2.3"
    y18n "^5.0.5"
    yargs-parser "^21.1.1"

yocto-queue@^0.1.0:
  version "0.1.0"
